
Microsoft Visual Studio Solution File, Format Version 12.00
# Visual Studio Version 17
VisualStudioVersion = 17.8.34322.80
MinimumVisualStudioVersion = 10.0.40219.1
Project("{FAE04EC0-301F-11D3-BF4B-00C04F79EFBC}") = "Product_Management", "Product_Management\Product_Management.csproj", "{E9861762-3AF1-4E59-BD1D-02C2F78D1089}"
EndProject
Global
	GlobalSection(SolutionConfigurationPlatforms) = preSolution
		Debug|Any CPU = Debug|Any CPU
		Release|Any CPU = Release|Any CPU
	EndGlobalSection
	GlobalSection(ProjectConfigurationPlatforms) = postSolution
		{E9861762-3AF1-4E59-BD1D-02C2F78D1089}.Debug|Any CPU.ActiveCfg = Debug|Any CPU
		{E9861762-3AF1-4E59-BD1D-02C2F78D1089}.Debug|Any CPU.Build.0 = Debug|Any CPU
		{E9861762-3AF1-4E59-BD1D-02C2F78D1089}.Release|Any CPU.ActiveCfg = Release|Any CPU
		{E9861762-3AF1-4E59-BD1D-02C2F78D1089}.Release|Any CPU.Build.0 = Release|Any CPU
	EndGlobalSection
	GlobalSection(SolutionProperties) = preSolution
		HideSolutionNode = FALSE
	EndGlobalSection
	GlobalSection(ExtensibilityGlobals) = postSolution
		SolutionGuid = {F2F9AD11-61AF-415A-A423-7F7E7F18BE22}
	EndGlobalSection
EndGlobal
